
Microsoft Visual Studio Solution File, Format Version 12.00
# Visual Studio 15
VisualStudioVersion = 15.0.28307.421
MinimumVisualStudioVersion = 10.0.40219.1
Project("{FAE04EC0-301F-11D3-BF4B-00C04F79EFBC}") = "CoffeeShop", "CoffeeShop\CoffeeShop.csproj", "{2D5AF860-1B4F-48B9-A78F-D9590D6FDDB2}"
EndProject
Global
	GlobalSection(SolutionConfigurationPlatforms) = preSolution
		Debug|Any CPU = Debug|Any CPU
		Release|Any CPU = Release|Any CPU
	EndGlobalSection
	GlobalSection(ProjectConfigurationPlatforms) = postSolution
		{2D5AF860-1B4F-48B9-A78F-D9590D6FDDB2}.Debug|Any CPU.ActiveCfg = Debug|Any CPU
		{2D5AF860-1B4F-48B9-A78F-D9590D6FDDB2}.Debug|Any CPU.Build.0 = Debug|Any CPU
		{2D5AF860-1B4F-48B9-A78F-D9590D6FDDB2}.Release|Any CPU.ActiveCfg = Release|Any CPU
		{2D5AF860-1B4F-48B9-A78F-D9590D6FDDB2}.Release|Any CPU.Build.0 = Release|Any CPU
	EndGlobalSection
	GlobalSection(SolutionProperties) = preSolution
		HideSolutionNode = FALSE
	EndGlobalSection
	GlobalSection(ExtensibilityGlobals) = postSolution
		SolutionGuid = {4307EA51-61C2-4893-98C1-142D63657503}
	EndGlobalSection
EndGlobal
